
Microsoft Visual Studio Solution File, Format Version 12.00
# Visual Studio Version 17
VisualStudioVersion = 17.0.31903.59
MinimumVisualStudioVersion = 10.0.40219.1
Project("{FAE04EC0-301F-11D3-BF4B-00C04F79EFBC}") = "processutils", "processutils\processutils.csproj", "{7824708D-C081-432B-9B72-04196F0D3F3B}"
EndProject
Project("{FAE04EC0-301F-11D3-BF4B-00C04F79EFBC}") = "processutils.tests", "processutils.tests\processutils.tests.csproj", "{0EDD8487-C7D0-4516-9F2B-3BB4CECBA0FE}"
EndProject
Global
	GlobalSection(SolutionConfigurationPlatforms) = preSolution
		Debug|Any CPU = Debug|Any CPU
		Debug|x64 = Debug|x64
		Debug|x86 = Debug|x86
		Release|Any CPU = Release|Any CPU
		Release|x64 = Release|x64
		Release|x86 = Release|x86
	EndGlobalSection
	GlobalSection(ProjectConfigurationPlatforms) = postSolution
		{7824708D-C081-432B-9B72-04196F0D3F3B}.Debug|Any CPU.ActiveCfg = Debug|Any CPU
		{7824708D-C081-432B-9B72-04196F0D3F3B}.Debug|Any CPU.Build.0 = Debug|Any CPU
		{7824708D-C081-432B-9B72-04196F0D3F3B}.Debug|x64.ActiveCfg = Debug|Any CPU
		{7824708D-C081-432B-9B72-04196F0D3F3B}.Debug|x64.Build.0 = Debug|Any CPU
		{7824708D-C081-432B-9B72-04196F0D3F3B}.Debug|x86.ActiveCfg = Debug|Any CPU
		{7824708D-C081-432B-9B72-04196F0D3F3B}.Debug|x86.Build.0 = Debug|Any CPU
		{7824708D-C081-432B-9B72-04196F0D3F3B}.Release|Any CPU.ActiveCfg = Release|Any CPU
		{7824708D-C081-432B-9B72-04196F0D3F3B}.Release|Any CPU.Build.0 = Release|Any CPU
		{7824708D-C081-432B-9B72-04196F0D3F3B}.Release|x64.ActiveCfg = Release|Any CPU
		{7824708D-C081-432B-9B72-04196F0D3F3B}.Release|x64.Build.0 = Release|Any CPU
		{7824708D-C081-432B-9B72-04196F0D3F3B}.Release|x86.ActiveCfg = Release|Any CPU
		{7824708D-C081-432B-9B72-04196F0D3F3B}.Release|x86.Build.0 = Release|Any CPU
		{0EDD8487-C7D0-4516-9F2B-3BB4CECBA0FE}.Debug|Any CPU.ActiveCfg = Debug|Any CPU
		{0EDD8487-C7D0-4516-9F2B-3BB4CECBA0FE}.Debug|Any CPU.Build.0 = Debug|Any CPU
		{0EDD8487-C7D0-4516-9F2B-3BB4CECBA0FE}.Debug|x64.ActiveCfg = Debug|Any CPU
		{0EDD8487-C7D0-4516-9F2B-3BB4CECBA0FE}.Debug|x64.Build.0 = Debug|Any CPU
		{0EDD8487-C7D0-4516-9F2B-3BB4CECBA0FE}.Debug|x86.ActiveCfg = Debug|Any CPU
		{0EDD8487-C7D0-4516-9F2B-3BB4CECBA0FE}.Debug|x86.Build.0 = Debug|Any CPU
		{0EDD8487-C7D0-4516-9F2B-3BB4CECBA0FE}.Release|Any CPU.ActiveCfg = Release|Any CPU
		{0EDD8487-C7D0-4516-9F2B-3BB4CECBA0FE}.Release|Any CPU.Build.0 = Release|Any CPU
		{0EDD8487-C7D0-4516-9F2B-3BB4CECBA0FE}.Release|x64.ActiveCfg = Release|Any CPU
		{0EDD8487-C7D0-4516-9F2B-3BB4CECBA0FE}.Release|x64.Build.0 = Release|Any CPU
		{0EDD8487-C7D0-4516-9F2B-3BB4CECBA0FE}.Release|x86.ActiveCfg = Release|Any CPU
		{0EDD8487-C7D0-4516-9F2B-3BB4CECBA0FE}.Release|x86.Build.0 = Release|Any CPU
	EndGlobalSection
	GlobalSection(SolutionProperties) = preSolution
		HideSolutionNode = FALSE
	EndGlobalSection
EndGlobal
